# THIS IS AN AUTOGENERATED FILE. DO NOT EDIT THIS FILE DIRECTLY.
# yarn lockfile v1


"@babel/runtime@^7.17.8":
  version "7.19.0"
  resolved "https://registry.yarnpkg.com/@babel/runtime/-/runtime-7.19.0.tgz#22b11c037b094d27a8a2504ea4dcff00f50e2259"
  integrity sha512-eR8Lo9hnDS7tqkO7NsV+mKvCmv5boaXFSZ70DnfhcgiEne8hv9oCEd36Klw74EtizEqLsy4YnW8UWwpBVolHZA==
  dependencies:
    regenerator-runtime "^0.13.4"

"@noble/hashes@1.0.0":
  version "1.0.0"
  resolved "https://registry.yarnpkg.com/@noble/hashes/-/hashes-1.0.0.tgz#d5e38bfbdaba174805a4e649f13be9a9ed3351ae"
  integrity sha512-DZVbtY62kc3kkBtMHqwCOfXrT/hnoORy5BJ4+HU1IR59X0KWAOqsfzQPcUl/lQLlG7qXbe/fZ3r/emxtAl+sqg==

"@noble/secp256k1@1.5.5":
  version "1.5.5"
  resolved "https://registry.yarnpkg.com/@noble/secp256k1/-/secp256k1-1.5.5.tgz#315ab5745509d1a8c8e90d0bdf59823ccf9bcfc3"
  integrity sha512-sZ1W6gQzYnu45wPrWx8D3kwI2/U29VYTx9OjbDAd7jwRItJ0cSTMPRL/C8AWZFn9kWFLQGqEXVEE86w4Z8LpIQ==

"@polkadot/networks@8.7.1":
  version "8.7.1"
  resolved "https://registry.yarnpkg.com/@polkadot/networks/-/networks-8.7.1.tgz#26c2ec6158c985bb77c510d98a3ab1c7e049f89c"
  integrity sha512-8xAmhDW0ry5EKcEjp6VTuwoTm0DdDo/zHsmx88P6sVL87gupuFsL+B6TrsYLl8GcaqxujwrOlKB+CKTUg7qFKg==
  dependencies:
    "@babel/runtime" "^7.17.8"
    "@polkadot/util" "8.7.1"
    "@substrate/ss58-registry" "^1.17.0"

"@polkadot/util-crypto@^8.4.1":
  version "8.7.1"
  resolved "https://registry.yarnpkg.com/@polkadot/util-crypto/-/util-crypto-8.7.1.tgz#f9fcca2895b5f160ce1c2faa0aa3054cc7aa4655"
  integrity sha512-TaSuJ2aNrB5sYK7YXszkEv24nYJKRFqjF2OrggoMg6uYxUAECvTkldFnhtgeizMweRMxJIBu6bMHlSIutbWgjw==
  dependencies:
    "@babel/runtime" "^7.17.8"
    "@noble/hashes" "1.0.0"
    "@noble/secp256k1" "1.5.5"
    "@polkadot/networks" "8.7.1"
    "@polkadot/util" "8.7.1"
    "@polkadot/wasm-crypto" "^5.1.1"
    "@polkadot/x-bigint" "8.7.1"
    "@polkadot/x-randomvalues" "8.7.1"
    "@scure/base" "1.0.0"
    ed2curve "^0.3.0"
    tweetnacl "^1.0.3"

"@polkadot/util@8.7.1", "@polkadot/util@^8.4.1":
  version "8.7.1"
  resolved "https://registry.yarnpkg.com/@polkadot/util/-/util-8.7.1.tgz#27fe93bf7b8345276f10cfe9c0380510cd4584f6"
  integrity sha512-XjY1bTo7V6OvOCe4yn8H2vifeuBciCy0gq0k5P1tlGUQLI/Yt0hvDmxcA0FEPtqg8CL+rYRG7WXGPVNjkrNvyQ==
  dependencies:
    "@babel/runtime" "^7.17.8"
    "@polkadot/x-bigint" "8.7.1"
    "@polkadot/x-global" "8.7.1"
    "@polkadot/x-textdecoder" "8.7.1"
    "@polkadot/x-textencoder" "8.7.1"
    "@types/bn.js" "^5.1.0"
    bn.js "^5.2.0"
    ip-regex "^4.3.0"

"@polkadot/wasm-crypto-asmjs@^5.1.1":
  version "5.1.1"
  resolved "https://registry.yarnpkg.com/@polkadot/wasm-crypto-asmjs/-/wasm-crypto-asmjs-5.1.1.tgz#6648e9c6f627501f61aef570e110022f2be1eff2"
  integrity sha512-1WBwc2G3pZMKW1T01uXzKE30Sg22MXmF3RbbZiWWk3H2d/Er4jZQRpjumxO5YGWan+xOb7HQQdwnrUnrPgbDhg==
  dependencies:
    "@babel/runtime" "^7.17.8"

"@polkadot/wasm-crypto-wasm@^5.1.1":
  version "5.1.1"
  resolved "https://registry.yarnpkg.com/@polkadot/wasm-crypto-wasm/-/wasm-crypto-wasm-5.1.1.tgz#dc371755a05fe93f87a2754a2bcf1ff42e4bb541"
  integrity sha512-F9PZ30J2S8vUNl2oY7Myow5Xsx5z5uNVpnNlJwlmY8IXBvyucvyQ4HSdhJsrbs4W1BfFc0mHghxgp0FbBCnf/Q==
  dependencies:
    "@babel/runtime" "^7.17.8"

"@polkadot/wasm-crypto@^5.1.1":
  version "5.1.1"
  resolved "https://registry.yarnpkg.com/@polkadot/wasm-crypto/-/wasm-crypto-5.1.1.tgz#d1f8a0da631028ba904c374c1e8496ab3ba4636b"
  integrity sha512-JCcAVfH8DhYuEyd4oX1ouByxhou0TvpErKn8kHjtzt7+tRoFi0nzWlmK4z49vszsV3JJgXxV81i10C0BYlwTcQ==
  dependencies:
    "@babel/runtime" "^7.17.8"
    "@polkadot/wasm-crypto-asmjs" "^5.1.1"
    "@polkadot/wasm-crypto-wasm" "^5.1.1"

"@polkadot/x-bigint@8.7.1":
  version "8.7.1"
  resolved "https://registry.yarnpkg.com/@polkadot/x-bigint/-/x-bigint-8.7.1.tgz#a496225def32e98c430c76b91c1579f48acf501a"
  integrity sha512-ClkhgdB/KqcAKk3zA6Qw8wBL6Wz67pYTPkrAtImpvoPJmR+l4RARauv+MH34JXMUNlNb3aUwqN6lq2Z1zN+mJg==
  dependencies:
    "@babel/runtime" "^7.17.8"
    "@polkadot/x-global" "8.7.1"

"@polkadot/x-global@8.7.1":
  version "8.7.1"
  resolved "https://registry.yarnpkg.com/@polkadot/x-global/-/x-global-8.7.1.tgz#b972044125a4fe059f4aef7c15a4e22d18179095"
  integrity sha512-WOgUor16IihgNVdiTVGAWksYLUAlqjmODmIK1cuWrLOZtV1VBomWcb3obkO9sh5P6iWziAvCB/i+L0vnTN9ZCA==
  dependencies:
    "@babel/runtime" "^7.17.8"

"@polkadot/x-randomvalues@8.7.1":
  version "8.7.1"
  resolved "https://registry.yarnpkg.com/@polkadot/x-randomvalues/-/x-randomvalues-8.7.1.tgz#b7cc358c2a6d20f7e7798d45d1d5c7ac8c9ab4f2"
  integrity sha512-njt17MlfN6yNyNEti7fL12lr5qM6A1aSGkWKVuqzc7XwSBesifJuW4km5u6r2gwhXjH2eHDv9SoQ7WXu8vrrkg==
  dependencies:
    "@babel/runtime" "^7.17.8"
    "@polkadot/x-global" "8.7.1"

"@polkadot/x-textdecoder@8.7.1":
  version "8.7.1"
  resolved "https://registry.yarnpkg.com/@polkadot/x-textdecoder/-/x-textdecoder-8.7.1.tgz#b706ef98d5a033d02c633009fb8dab4a4f9d7d55"
  integrity sha512-ia0Ie2zi4VdQdNVD2GE2FZzBMfX//hEL4w546RMJfZM2LqDS674LofHmcyrsv5zscLnnRyCxZC1+J2dt+6MDIA==
  dependencies:
    "@babel/runtime" "^7.17.8"
    "@polkadot/x-global" "8.7.1"

"@polkadot/x-textencoder@8.7.1":
  version "8.7.1"
  resolved "https://registry.yarnpkg.com/@polkadot/x-textencoder/-/x-textencoder-8.7.1.tgz#7820e30081e8e0a607c1c27b9e3486d82d1a723e"
  integrity sha512-XDO0A27Xy+eJCKSxENroB8Dcnl+UclGG4ZBei+P/BqZ9rsjskUyd2Vsl6peMXAcsxwOE7g0uTvujoGM8jpKOXw==
  dependencies:
    "@babel/runtime" "^7.17.8"
    "@polkadot/x-global" "8.7.1"

"@scure/base@1.0.0":
  version "1.0.0"
  resolved "https://registry.yarnpkg.com/@scure/base/-/base-1.0.0.tgz#109fb595021de285f05a7db6806f2f48296fcee7"
  integrity sha512-gIVaYhUsy+9s58m/ETjSJVKHhKTBMmcRb9cEV5/5dwvfDlfORjKrFsDeDHWRrm6RjcPvCLZFwGJjAjLj1gg4HA==

"@substrate/ss58-registry@^1.17.0":
  version "1.29.0"
  resolved "https://registry.yarnpkg.com/@substrate/ss58-registry/-/ss58-registry-1.29.0.tgz#0dea078271b5318c5eff7176e1df1f9b2c27e43f"
  integrity sha512-KTqwZgTjtWPhCAUJJx9qswP/p9cRKUU9GOHYUDKNdISFDiFafWmpI54JHfYLkgjvkSKEUgRZnvLpe0LMF1fXvw==

"@types/bn.js@^5.1.0":
  version "5.1.1"
  resolved "https://registry.yarnpkg.com/@types/bn.js/-/bn.js-5.1.1.tgz#b51e1b55920a4ca26e9285ff79936bbdec910682"
  integrity sha512-qNrYbZqMx0uJAfKnKclPh+dTwK33KfLHYqtyODwd5HnXOjnkhc4qgn3BrK6RWyGZm5+sIFE7Q7Vz6QQtJB7w7g==
  dependencies:
    "@types/node" "*"

"@types/node@*":
  version "18.7.18"
  resolved "https://registry.yarnpkg.com/@types/node/-/node-18.7.18.tgz#633184f55c322e4fb08612307c274ee6d5ed3154"
  integrity sha512-m+6nTEOadJZuTPkKR/SYK3A2d7FZrgElol9UP1Kae90VVU4a6mxnPuLiIW1m4Cq4gZ/nWb9GrdVXJCoCazDAbg==

aes-js@3.0.0:
  version "3.0.0"
  resolved "https://registry.yarnpkg.com/aes-js/-/aes-js-3.0.0.tgz#e21df10ad6c2053295bcbb8dab40b09dbea87e4d"
  integrity sha512-H7wUZRn8WpTq9jocdxQ2c8x2sKo9ZVmzfRE13GiNJXfp7NcKYEdvl3vspKjXox6RIG2VtaRe4JFvxG4rqp2Zuw==

bn.js@^4.11.9:
  version "4.12.0"
  resolved "https://registry.yarnpkg.com/bn.js/-/bn.js-4.12.0.tgz#775b3f278efbb9718eec7361f483fb36fbbfea88"
  integrity sha512-c98Bf3tPniI+scsdk237ku1Dc3ujXQTSgyiPUDEOe7tRkhrqridvh8klBv0HCEso1OLOYcHuCv/cS6DNxKH+ZA==

bn.js@^5.2.0:
  version "5.2.1"
  resolved "https://registry.yarnpkg.com/bn.js/-/bn.js-5.2.1.tgz#0bc527a6a0d18d0aa8d5b0538ce4a77dccfa7b70"
  integrity sha512-eXRvHzWyYPBuB4NBy0cmYQjGitUrtqwbvlzP3G6VFnNRbsZQIxQ10PbKKHt8gZ/HW/D/747aDl+QkDqg3KQLMQ==

brorand@^1.1.0:
  version "1.1.0"
  resolved "https://registry.yarnpkg.com/brorand/-/brorand-1.1.0.tgz#12c25efe40a45e3c323eb8675a0a0ce57b22371f"
  integrity sha512-cKV8tMCEpQs4hK/ik71d6LrPOnpkpGBR0wzxqr68g2m/LB2GxVYQroAjMJZRVM1Y4BCjCKc3vAamxSzOY2RP+w==

commander@^5.0.0:
  version "5.1.0"
  resolved "https://registry.yarnpkg.com/commander/-/commander-5.1.0.tgz#46abbd1652f8e059bddaef99bbdcb2ad9cf179ae"
  integrity sha512-P0CysNDQ7rtVw4QIQtm+MRxV66vKFSvlsQvGYXZWR3qFU0jlMKHZZZgw8e+8DSah4UDKMqnknRDQz+xuQXQ/Zg==

ed2curve@^0.3.0:
  version "0.3.0"
  resolved "https://registry.yarnpkg.com/ed2curve/-/ed2curve-0.3.0.tgz#322b575152a45305429d546b071823a93129a05d"
  integrity sha512-8w2fmmq3hv9rCrcI7g9hms2pMunQr1JINfcjwR9tAyZqhtyaMN991lF/ZfHfr5tzZQ8c7y7aBgZbjfbd0fjFwQ==
  dependencies:
    tweetnacl "1.x.x"

elliptic@6.5.4:
  version "6.5.4"
  resolved "https://registry.yarnpkg.com/elliptic/-/elliptic-6.5.4.tgz#da37cebd31e79a1367e941b592ed1fbebd58abbb"
  integrity sha512-iLhC6ULemrljPZb+QutR5TQGB+pdW6KGD5RSegS+8sorOZT+rdQFbsQFJgvN3eRqNALqJer4oQ16YvJHlU8hzQ==
  dependencies:
    bn.js "^4.11.9"
    brorand "^1.1.0"
    hash.js "^1.0.0"
    hmac-drbg "^1.0.1"
    inherits "^2.0.4"
    minimalistic-assert "^1.0.1"
    minimalistic-crypto-utils "^1.0.1"

ethers@^4.0.46:
  version "4.0.49"
  resolved "https://registry.yarnpkg.com/ethers/-/ethers-4.0.49.tgz#0eb0e9161a0c8b4761be547396bbe2fb121a8894"
  integrity sha512-kPltTvWiyu+OktYy1IStSO16i2e7cS9D9OxZ81q2UUaiNPVrm/RTcbxamCXF9VUSKzJIdJV68EAIhTEVBalRWg==
  dependencies:
    aes-js "3.0.0"
    bn.js "^4.11.9"
    elliptic "6.5.4"
    hash.js "1.1.3"
    js-sha3 "0.5.7"
    scrypt-js "2.0.4"
    setimmediate "1.0.4"
    uuid "2.0.1"
    xmlhttprequest "1.8.0"

hash.js@1.1.3:
  version "1.1.3"
  resolved "https://registry.yarnpkg.com/hash.js/-/hash.js-1.1.3.tgz#340dedbe6290187151c1ea1d777a3448935df846"
  integrity sha512-/UETyP0W22QILqS+6HowevwhEFJ3MBJnwTf75Qob9Wz9t0DPuisL8kW8YZMK62dHAKE1c1p+gY1TtOLY+USEHA==
  dependencies:
    inherits "^2.0.3"
    minimalistic-assert "^1.0.0"

hash.js@^1.0.0, hash.js@^1.0.3:
  version "1.1.7"
  resolved "https://registry.yarnpkg.com/hash.js/-/hash.js-1.1.7.tgz#0babca538e8d4ee4a0f8988d68866537a003cf42"
  integrity sha512-taOaskGt4z4SOANNseOviYDvjEJinIkRgmp7LbKP2YTTmVxWBl87s/uzK9r+44BclBSp2X7K1hqeNfz9JbBeXA==
  dependencies:
    inherits "^2.0.3"
    minimalistic-assert "^1.0.1"

hmac-drbg@^1.0.1:
  version "1.0.1"
  resolved "https://registry.yarnpkg.com/hmac-drbg/-/hmac-drbg-1.0.1.tgz#d2745701025a6c775a6c545793ed502fc0c649a1"
  integrity sha512-Tti3gMqLdZfhOQY1Mzf/AanLiqh1WTiJgEj26ZuYQ9fbkLomzGchCws4FyrSd4VkpBfiNhaE1On+lOz894jvXg==
  dependencies:
    hash.js "^1.0.3"
    minimalistic-assert "^1.0.0"
    minimalistic-crypto-utils "^1.0.1"

inherits@^2.0.3, inherits@^2.0.4:
  version "2.0.4"
  resolved "https://registry.yarnpkg.com/inherits/-/inherits-2.0.4.tgz#0fa2c64f932917c3433a0ded55363aae37416b7c"
  integrity sha512-k/vGaX4/Yla3WzyMCvTQOXYeIHvqOKtnqBduzTHpzpQZzAskKMhZ2K+EnBiSM9zGSoIFeMpXKxa4dYeZIQqewQ==

ip-regex@^4.3.0:
  version "4.3.0"
  resolved "https://registry.yarnpkg.com/ip-regex/-/ip-regex-4.3.0.tgz#687275ab0f57fa76978ff8f4dddc8a23d5990db5"
  integrity sha512-B9ZWJxHHOHUhUjCPrMpLD4xEq35bUTClHM1S6CBU5ixQnkZmwipwgc96vAd7AAGM9TGHvJR+Uss+/Ak6UphK+Q==

js-sha3@0.5.7:
  version "0.5.7"
  resolved "https://registry.yarnpkg.com/js-sha3/-/js-sha3-0.5.7.tgz#0d4ffd8002d5333aabaf4a23eed2f6374c9f28e7"
  integrity sha512-GII20kjaPX0zJ8wzkTbNDYMY7msuZcTWk8S5UOh6806Jq/wz1J8/bnr8uGU0DAUmYDjj2Mr4X1cW8v/GLYnR+g==

minimalistic-assert@^1.0.0, minimalistic-assert@^1.0.1:
  version "1.0.1"
  resolved "https://registry.yarnpkg.com/minimalistic-assert/-/minimalistic-assert-1.0.1.tgz#2e194de044626d4a10e7f7fbc00ce73e83e4d5c7"
  integrity sha512-UtJcAD4yEaGtjPezWuO9wC4nwUnVH/8/Im3yEHQP4b67cXlD/Qr9hdITCU1xDbSEXg2XKNaP8jsReV7vQd00/A==

minimalistic-crypto-utils@^1.0.1:
  version "1.0.1"
  resolved "https://registry.yarnpkg.com/minimalistic-crypto-utils/-/minimalistic-crypto-utils-1.0.1.tgz#f6c00c1c0b082246e5c4d99dfb8c7c083b2b582a"
  integrity sha512-JIYlbt6g8i5jKfJ3xz7rF0LXmv2TkDxBLUkiBeZ7bAx4GnnNMr8xFpGnOxn6GhTEHx3SjRrZEoU+j04prX1ktg==

regenerator-runtime@^0.13.4:
  version "0.13.9"
  resolved "https://registry.yarnpkg.com/regenerator-runtime/-/regenerator-runtime-0.13.9.tgz#8925742a98ffd90814988d7566ad30ca3b263b52"
  integrity sha512-p3VT+cOEgxFsRRA9X4lkI1E+k2/CtnKtU4gcxyaCUreilL/vqI6CdZ3wxVUx3UOUg+gnUOQQcRI7BmSI656MYA==

scrypt-js@2.0.4:
  version "2.0.4"
  resolved "https://registry.yarnpkg.com/scrypt-js/-/scrypt-js-2.0.4.tgz#32f8c5149f0797672e551c07e230f834b6af5f16"
  integrity sha512-4KsaGcPnuhtCZQCxFxN3GVYIhKFPTdLd8PLC552XwbMndtD0cjRFAhDuuydXQ0h08ZfPgzqe6EKHozpuH74iDw==

setimmediate@1.0.4:
  version "1.0.4"
  resolved "https://registry.yarnpkg.com/setimmediate/-/setimmediate-1.0.4.tgz#20e81de622d4a02588ce0c8da8973cbcf1d3138f"
  integrity sha512-/TjEmXQVEzdod/FFskf3o7oOAsGhHf2j1dZqRFbDzq4F3mvvxflIIi4Hd3bLQE9y/CpwqfSQam5JakI/mi3Pog==

tweetnacl@1.x.x, tweetnacl@^1.0.3:
  version "1.0.3"
  resolved "https://registry.yarnpkg.com/tweetnacl/-/tweetnacl-1.0.3.tgz#ac0af71680458d8a6378d0d0d050ab1407d35596"
  integrity sha512-6rt+RN7aOi1nGMyC4Xa5DdYiukl2UWCbcJft7YhxReBGQD7OAM8Pbxw6YMo4r2diNEA8FEmu32YOn9rhaiE5yw==

uuid@2.0.1:
  version "2.0.1"
  resolved "https://registry.yarnpkg.com/uuid/-/uuid-2.0.1.tgz#c2a30dedb3e535d72ccf82e343941a50ba8533ac"
  integrity sha512-nWg9+Oa3qD2CQzHIP4qKUqwNfzKn8P0LtFhotaCTFchsV7ZfDhAybeip/HZVeMIpZi9JgY1E3nUlwaCmZT1sEg==

xmlhttprequest@1.8.0:
  version "1.8.0"
  resolved "https://registry.yarnpkg.com/xmlhttprequest/-/xmlhttprequest-1.8.0.tgz#67fe075c5c24fef39f9d65f5f7b7fe75171968fc"
  integrity sha512-58Im/U0mlVBLM38NdZjHyhuMtCqa61469k2YP/AaPbvCoV9aQGUpbJBj1QRm2ytRiVQBD/fsw7L2bJGDVQswBA==
